{
  "version": 4,
  "terraform_version": "1.0.4",
  "serial": 6,
  "lineage": "bd6d610d-d68b-f851-dc13-dcd9678c098e",
  "outputs": {
    "endpoint-aws": {
      "value": [
        {
          "arn": "arn:aws:s3:::rajatchauhanhcl",
          "domain": "s3-website-us-east-1.amazonaws.com",
          "endpoint": "rajatchauhanhcl.s3-website-us-east-1.amazonaws.com",
          "name": "rajatchauhanhcl"
        }
      ],
      "type": [
        "tuple",
        [
          [
            "object",
            {
              "arn": "string",
              "domain": "string",
              "endpoint": "string",
              "name": "string"
            }
          ]
        ]
      ]
    }
  },
  "resources": [
    {
      "module": "module.website_s3_bucket",
      "mode": "managed",
      "type": "aws_s3_bucket",
      "name": "s3_bucket",
      "provider": "provider[\"registry.terraform.io/hashicorp/aws\"]",
      "instances": [
        {
          "schema_version": 0,
          "attributes": {
            "acceleration_status": "",
            "acl": "public-read",
            "arn": "arn:aws:s3:::rajatchauhanhcl",
            "bucket": "rajatchauhanhcl",
            "bucket_domain_name": "rajatchauhanhcl.s3.amazonaws.com",
            "bucket_prefix": null,
            "bucket_regional_domain_name": "rajatchauhanhcl.s3.amazonaws.com",
            "cors_rule": [],
            "force_destroy": true,
            "grant": [],
            "hosted_zone_id": "Z3AQBSTGFYJSTF",
            "id": "rajatchauhanhcl",
            "lifecycle_rule": [],
            "logging": [],
            "object_lock_configuration": [],
            "policy": "{\"Statement\":[{\"Action\":\"s3:GetObject\",\"Effect\":\"Allow\",\"Principal\":\"*\",\"Resource\":\"arn:aws:s3:::rajatchauhanhcl/*\",\"Sid\":\"PublicReadGetObject\"}],\"Version\":\"2012-10-17\"}",
            "region": "us-east-1",
            "replication_configuration": [],
            "request_payer": "BucketOwner",
            "server_side_encryption_configuration": [],
            "tags": {
              "Environment": "dev",
              "Terraform": "true",
              "newtag1": "tag1",
              "newtag2": "tag2"
            },
            "tags_all": {
              "Environment": "dev",
              "Terraform": "true",
              "newtag1": "tag1",
              "newtag2": "tag2"
            },
            "versioning": [
              {
                "enabled": false,
                "mfa_delete": false
              }
            ],
            "website": [
              {
                "error_document": "error.html",
                "index_document": "index.html",
                "redirect_all_requests_to": "",
                "routing_rules": ""
              }
            ],
            "website_domain": "s3-website-us-east-1.amazonaws.com",
            "website_endpoint": "rajatchauhanhcl.s3-website-us-east-1.amazonaws.com"
          },
          "sensitive_attributes": [],
          "private": "bnVsbA=="
        }
      ]
    }
  ]
}
